
Microsoft Visual Studio Solution File, Format Version 12.00
# Visual Studio Express 2012 for Windows Phone
Project("{FAE04EC0-301F-11D3-BF4B-00C04F79EFBC}") = "Lights Out", "Lights Out\Lights Out.csproj", "{BD4D55B1-6C02-4E60-A76E-62CBC584B0C6}"
EndProject
Global
	GlobalSection(SolutionConfigurationPlatforms) = preSolution
		Debug|Any CPU = Debug|Any CPU
		Release|Any CPU = Release|Any CPU
	EndGlobalSection
	GlobalSection(ProjectConfigurationPlatforms) = postSolution
		{BD4D55B1-6C02-4E60-A76E-62CBC584B0C6}.Debug|Any CPU.ActiveCfg = Debug|Any CPU
		{BD4D55B1-6C02-4E60-A76E-62CBC584B0C6}.Debug|Any CPU.Build.0 = Debug|Any CPU
		{BD4D55B1-6C02-4E60-A76E-62CBC584B0C6}.Debug|Any CPU.Deploy.0 = Debug|Any CPU
		{BD4D55B1-6C02-4E60-A76E-62CBC584B0C6}.Release|Any CPU.ActiveCfg = Release|Any CPU
		{BD4D55B1-6C02-4E60-A76E-62CBC584B0C6}.Release|Any CPU.Build.0 = Release|Any CPU
		{BD4D55B1-6C02-4E60-A76E-62CBC584B0C6}.Release|Any CPU.Deploy.0 = Release|Any CPU
	EndGlobalSection
	GlobalSection(SolutionProperties) = preSolution
		HideSolutionNode = FALSE
	EndGlobalSection
EndGlobal
